// !$*UTF8*$!
{
	archiveVersion = 1;
	classes = {
	};
	objectVersion = 46;
	objects = {

/* Begin PBXBuildFile section */
		0425F68D1A6F6CA100913034 /* Register.m in Sources */ = {isa = PBXBuildFile; fileRef = 0425F68C1A6F6CA100913034 /* Register.m */; };
		0425F6901A6F7AA700913034 /* ForgetPassword.m in Sources */ = {isa = PBXBuildFile; fileRef = 0425F68F1A6F7AA700913034 /* ForgetPassword.m */; };
		0425F6931A7094B000913034 /* Mine.m in Sources */ = {isa = PBXBuildFile; fileRef = 0425F6921A7094B000913034 /* Mine.m */; };
		042719211A6CF1C1001645AA /* BaseTabBarController.m in Sources */ = {isa = PBXBuildFile; fileRef = 042719201A6CF1C1001645AA /* BaseTabBarController.m */; };
		042719281A6CFDE0001645AA /* Login.m in Sources */ = {isa = PBXBuildFile; fileRef = 042719271A6CFDE0001645AA /* Login.m */; };
		0427192C1A6CFF66001645AA /* APPInfo.m in Sources */ = {isa = PBXBuildFile; fileRef = 0427192B1A6CFF66001645AA /* APPInfo.m */; };
		0427192F1A6D01FB001645AA /* MainPlay.m in Sources */ = {isa = PBXBuildFile; fileRef = 0427192E1A6D01FB001645AA /* MainPlay.m */; };
		042B3F731A666C8B000E896D /* UIImageView+UIActivityIndicatorForSDWebImage.m in Sources */ = {isa = PBXBuildFile; fileRef = 042B3F6D1A666C8B000E896D /* UIImageView+UIActivityIndicatorForSDWebImage.m */; };
		042B3F771A666D35000E896D /* HttpClient.m in Sources */ = {isa = PBXBuildFile; fileRef = 042B3F761A666D35000E896D /* HttpClient.m */; };
		042B3F7A1A667920000E896D /* NSString+JSON.m in Sources */ = {isa = PBXBuildFile; fileRef = 042B3F791A667920000E896D /* NSString+JSON.m */; };
		042B3F7E1A66792A000E896D /* UIView+SimplifyExtend.m in Sources */ = {isa = PBXBuildFile; fileRef = 042B3F7D1A66792A000E896D /* UIView+SimplifyExtend.m */; };
		042B68261A67C32D009CA824 /* Response.m in Sources */ = {isa = PBXBuildFile; fileRef = 042B68251A67C32D009CA824 /* Response.m */; };
		043F5C461A68AEEF0009D939 /* BaseViewController.m in Sources */ = {isa = PBXBuildFile; fileRef = 043F5C451A68AEEF0009D939 /* BaseViewController.m */; };
		043F5C4C1A68E9160009D939 /* CacheBox.m in Sources */ = {isa = PBXBuildFile; fileRef = 043F5C4B1A68E9160009D939 /* CacheBox.m */; };
		043F5C501A68EA4A0009D939 /* CommonFoundation.m in Sources */ = {isa = PBXBuildFile; fileRef = 043F5C4F1A68EA4A0009D939 /* CommonFoundation.m */; };
		043F5C531A68ED2F0009D939 /* UIView+Toast.m in Sources */ = {isa = PBXBuildFile; fileRef = 043F5C521A68ED2F0009D939 /* UIView+Toast.m */; };
		043F5C561A691B0D0009D939 /* NSString+RectSize.m in Sources */ = {isa = PBXBuildFile; fileRef = 043F5C551A691B0D0009D939 /* NSString+RectSize.m */; };
		043F5C591A691B7E0009D939 /* BaseNavigationController.m in Sources */ = {isa = PBXBuildFile; fileRef = 043F5C581A691B7E0009D939 /* BaseNavigationController.m */; };
		043F6AE41A762CF900EEA0B3 /* AvatarObject.m in Sources */ = {isa = PBXBuildFile; fileRef = 043F6AE31A762CF900EEA0B3 /* AvatarObject.m */; };
		043F6AE71A762F5400EEA0B3 /* ModifyPassword.m in Sources */ = {isa = PBXBuildFile; fileRef = 043F6AE61A762F5400EEA0B3 /* ModifyPassword.m */; };
		043F6AEA1A76487700EEA0B3 /* MessageList.m in Sources */ = {isa = PBXBuildFile; fileRef = 043F6AE91A76487700EEA0B3 /* MessageList.m */; };
		043F6AED1A76491E00EEA0B3 /* Settings.m in Sources */ = {isa = PBXBuildFile; fileRef = 043F6AEC1A76491E00EEA0B3 /* Settings.m */; };
		044C6B9B1A88AA94000BF100 /* MJRefresh.bundle in Resources */ = {isa = PBXBuildFile; fileRef = 044C6B8B1A88AA94000BF100 /* MJRefresh.bundle */; };
		044C6B9C1A88AA94000BF100 /* MJRefreshBaseView.m in Sources */ = {isa = PBXBuildFile; fileRef = 044C6B8E1A88AA94000BF100 /* MJRefreshBaseView.m */; };
		044C6B9D1A88AA94000BF100 /* MJRefreshConst.m in Sources */ = {isa = PBXBuildFile; fileRef = 044C6B901A88AA94000BF100 /* MJRefreshConst.m */; };
		044C6B9E1A88AA94000BF100 /* MJRefreshFooterView.m in Sources */ = {isa = PBXBuildFile; fileRef = 044C6B921A88AA94000BF100 /* MJRefreshFooterView.m */; };
		044C6B9F1A88AA94000BF100 /* MJRefreshHeaderView.m in Sources */ = {isa = PBXBuildFile; fileRef = 044C6B941A88AA94000BF100 /* MJRefreshHeaderView.m */; };
		044C6BA01A88AA94000BF100 /* UIScrollView+MJExtension.m in Sources */ = {isa = PBXBuildFile; fileRef = 044C6B961A88AA94000BF100 /* UIScrollView+MJExtension.m */; };
		044C6BA11A88AA94000BF100 /* UIScrollView+MJRefresh.m in Sources */ = {isa = PBXBuildFile; fileRef = 044C6B981A88AA94000BF100 /* UIScrollView+MJRefresh.m */; };
		044C6BA21A88AA94000BF100 /* UIView+MJExtension.m in Sources */ = {isa = PBXBuildFile; fileRef = 044C6B9A1A88AA94000BF100 /* UIView+MJExtension.m */; };
		044C6BA51A88BEA8000BF100 /* Search.m in Sources */ = {isa = PBXBuildFile; fileRef = 044C6BA41A88BEA8000BF100 /* Search.m */; };
		0451FAD21A8B230300529EEC /* BlankView.m in Sources */ = {isa = PBXBuildFile; fileRef = 0451FAD11A8B230300529EEC /* BlankView.m */; };
		0451FAE31A8B520700529EEC /* LocationHelper.m in Sources */ = {isa = PBXBuildFile; fileRef = 0451FAE21A8B520700529EEC /* LocationHelper.m */; };
		0451FAE51A8B521900529EEC /* CoreLocation.framework in Frameworks */ = {isa = PBXBuildFile; fileRef = 0451FAE41A8B521900529EEC /* CoreLocation.framework */; };
		04605F3A1A6E4B52004EBB2D /* UIButton+ButtonUtility.m in Sources */ = {isa = PBXBuildFile; fileRef = 04605F391A6E4B52004EBB2D /* UIButton+ButtonUtility.m */; };
		048337C11A7F465D00E2F889 /* EDStarRating.m in Sources */ = {isa = PBXBuildFile; fileRef = 048337C01A7F465D00E2F889 /* EDStarRating.m */; };
		048337C41A7F49D100E2F889 /* NotScoreCell.m in Sources */ = {isa = PBXBuildFile; fileRef = 048337C31A7F49D100E2F889 /* NotScoreCell.m */; };
		048337C71A7F49FB00E2F889 /* HasScoreCell.m in Sources */ = {isa = PBXBuildFile; fileRef = 048337C61A7F49FB00E2F889 /* HasScoreCell.m */; };
		048337CA1A7F50BA00E2F889 /* BaseViewWithSeparateLine.m in Sources */ = {isa = PBXBuildFile; fileRef = 048337C91A7F50BA00E2F889 /* BaseViewWithSeparateLine.m */; };
		048337D91A7F799100E2F889 /* RTLabel.m in Sources */ = {isa = PBXBuildFile; fileRef = 048337D81A7F799100E2F889 /* RTLabel.m */; };
		048337DD1A807AA200E2F889 /* BaseTableViewCell.m in Sources */ = {isa = PBXBuildFile; fileRef = 048337DC1A807AA200E2F889 /* BaseTableViewCell.m */; };
		048E97E91A71DCFA003697D1 /* ApiServer.m in Sources */ = {isa = PBXBuildFile; fileRef = 048E97E81A71DCFA003697D1 /* ApiServer.m */; };
		048E97EC1A722854003697D1 /* Profile.m in Sources */ = {isa = PBXBuildFile; fileRef = 048E97EB1A722854003697D1 /* Profile.m */; };
		048E97EF1A722DBA003697D1 /* CommonPerson.m in Sources */ = {isa = PBXBuildFile; fileRef = 048E97EE1A722DBA003697D1 /* CommonPerson.m */; };
		048E97F21A722F79003697D1 /* CommonPersonAddOrEdit.m in Sources */ = {isa = PBXBuildFile; fileRef = 048E97F11A722F79003697D1 /* CommonPersonAddOrEdit.m */; };
		048E97F51A723205003697D1 /* Collected.m in Sources */ = {isa = PBXBuildFile; fileRef = 048E97F41A723205003697D1 /* Collected.m */; };
		048E97F81A72322A003697D1 /* Subscribe.m in Sources */ = {isa = PBXBuildFile; fileRef = 048E97F71A72322A003697D1 /* Subscribe.m */; };
		048E97FB1A723313003697D1 /* ResetPassword.m in Sources */ = {isa = PBXBuildFile; fileRef = 048E97FA1A723313003697D1 /* ResetPassword.m */; };
		048E97FE1A723B04003697D1 /* BaseTableViewController.m in Sources */ = {isa = PBXBuildFile; fileRef = 048E97FD1A723B04003697D1 /* BaseTableViewController.m */; };
		048FAB221A90A00F001C9570 /* PAAImageView.m in Sources */ = {isa = PBXBuildFile; fileRef = 048FAB211A90A00F001C9570 /* PAAImageView.m */; };
		04A539421A8308DF006BA09D /* RFJModel.m in Sources */ = {isa = PBXBuildFile; fileRef = 04A539411A8308DF006BA09D /* RFJModel.m */; };
		04A539451A8309D1006BA09D /* EntryModel.m in Sources */ = {isa = PBXBuildFile; fileRef = 04A539441A8309D1006BA09D /* EntryModel.m */; };
		04A539481A846845006BA09D /* CommonPersonModel.m in Sources */ = {isa = PBXBuildFile; fileRef = 04A539471A846845006BA09D /* CommonPersonModel.m */; };
		04A5394E1A84AB27006BA09D /* UserMessageModel.m in Sources */ = {isa = PBXBuildFile; fileRef = 04A5394D1A84AB27006BA09D /* UserMessageModel.m */; };
		04A539511A84AF36006BA09D /* UserOrderModel.m in Sources */ = {isa = PBXBuildFile; fileRef = 04A539501A84AF36006BA09D /* UserOrderModel.m */; };
		04A539541A84B079006BA09D /* PagerModel.m in Sources */ = {isa = PBXBuildFile; fileRef = 04A539531A84B079006BA09D /* PagerModel.m */; };
		04A539571A84B23B006BA09D /* UserMessageContentModel.m in Sources */ = {isa = PBXBuildFile; fileRef = 04A539561A84B23B006BA09D /* UserMessageContentModel.m */; };
		04A5395A1A84B2B9006BA09D /* ActivityModel.m in Sources */ = {isa = PBXBuildFile; fileRef = 04A539591A84B2B9006BA09D /* ActivityModel.m */; };
		04A5395D1A84B3B4006BA09D /* SubscribeModel.m in Sources */ = {isa = PBXBuildFile; fileRef = 04A5395C1A84B3B4006BA09D /* SubscribeModel.m */; };
		04B09FA81A89EC260077394C /* UITextField+CursorRange.m in Sources */ = {isa = PBXBuildFile; fileRef = 04B09FA71A89EC260077394C /* UITextField+CursorRange.m */; };
		04B09FAB1A8A0F830077394C /* FavoriteModel.m in Sources */ = {isa = PBXBuildFile; fileRef = 04B09FAA1A8A0F830077394C /* FavoriteModel.m */; };
		04C2B1F11A65163E004E8F73 /* main.m in Sources */ = {isa = PBXBuildFile; fileRef = 04C2B1F01A65163E004E8F73 /* main.m */; };
		04C2B1F41A65163E004E8F73 /* AppDelegate.m in Sources */ = {isa = PBXBuildFile; fileRef = 04C2B1F31A65163E004E8F73 /* AppDelegate.m */; };
		04C2B1F71A65163E004E8F73 /* ViewController.m in Sources */ = {isa = PBXBuildFile; fileRef = 04C2B1F61A65163E004E8F73 /* ViewController.m */; };
		04C2B1FA1A65163E004E8F73 /* Main.storyboard in Resources */ = {isa = PBXBuildFile; fileRef = 04C2B1F81A65163E004E8F73 /* Main.storyboard */; };
		04C2B1FC1A65163E004E8F73 /* Images.xcassets in Resources */ = {isa = PBXBuildFile; fileRef = 04C2B1FB1A65163E004E8F73 /* Images.xcassets */; };
		04C2B1FF1A65163E004E8F73 /* LaunchScreen.xib in Resources */ = {isa = PBXBuildFile; fileRef = 04C2B1FD1A65163E004E8F73 /* LaunchScreen.xib */; };
		04C2B20B1A65163E004E8F73 /* HuWaiTests.m in Sources */ = {isa = PBXBuildFile; fileRef = 04C2B20A1A65163E004E8F73 /* HuWaiTests.m */; };
		04C2B2151A651BF7004E8F73 /* Default-568h@2x.png in Resources */ = {isa = PBXBuildFile; fileRef = 04C2B2141A651BF7004E8F73 /* Default-568h@2x.png */; };
		04CCA7C51A7B65CE0034A21D /* NavView.m in Sources */ = {isa = PBXBuildFile; fileRef = 04CCA7C41A7B65CE0034A21D /* NavView.m */; };
		04CCA7C81A7B90EE0034A21D /* MessageListCell.m in Sources */ = {isa = PBXBuildFile; fileRef = 04CCA7C71A7B90EE0034A21D /* MessageListCell.m */; };
		04E8C0931A80A31800145FF0 /* Feedback.m in Sources */ = {isa = PBXBuildFile; fileRef = 04E8C0921A80A31800145FF0 /* Feedback.m */; };
		04EA26A61A77804600CCB35E /* MyOrder.m in Sources */ = {isa = PBXBuildFile; fileRef = 04EA26A51A77804600CCB35E /* MyOrder.m */; };
		04EA26A91A7780BD00CCB35E /* LeaderScore.m in Sources */ = {isa = PBXBuildFile; fileRef = 04EA26A81A7780BD00CCB35E /* LeaderScore.m */; };
		04EA26AD1A7794C900CCB35E /* ActivityCell.m in Sources */ = {isa = PBXBuildFile; fileRef = 04EA26AC1A7794C900CCB35E /* ActivityCell.m */; };
		04FBF4601A79EC7F004A0A74 /* CityList.m in Sources */ = {isa = PBXBuildFile; fileRef = 04FBF45F1A79EC7F004A0A74 /* CityList.m */; };
		04FBF46E1A7A320B004A0A74 /* ActivityDetail.m in Sources */ = {isa = PBXBuildFile; fileRef = 04FBF46D1A7A320B004A0A74 /* ActivityDetail.m */; };
		04FBF4711A7A3F0A004A0A74 /* SelectListView.m in Sources */ = {isa = PBXBuildFile; fileRef = 04FBF4701A7A3F0A004A0A74 /* SelectListView.m */; };
		D6327F38BC3909F158CBB89B /* libPods.a in Frameworks */ = {isa = PBXBuildFile; fileRef = D2326C7CAC01BA5D0F91806D /* libPods.a */; };
/* End PBXBuildFile section */

/* Begin PBXContainerItemProxy section */
		04C2B2051A65163E004E8F73 /* PBXContainerItemProxy */ = {
			isa = PBXContainerItemProxy;
			containerPortal = 04C2B1E31A65163E004E8F73 /* Project object */;
			proxyType = 1;
			remoteGlobalIDString = 04C2B1EA1A65163E004E8F73;
			remoteInfo = HuWai;
		};
/* End PBXContainerItemProxy section */

/* Begin PBXFileReference section */
		0425F68B1A6F6CA100913034 /* Register.h */ = {isa = PBXFileReference; fileEncoding = 4; lastKnownFileType = sourcecode.c.h; path = Register.h; sourceTree = "<group>"; };
		0425F68C1A6F6CA100913034 /* Register.m */ = {isa = PBXFileReference; fileEncoding = 4; lastKnownFileType = sourcecode.c.objc; path = Register.m; sourceTree = "<group>"; };
		0425F68E1A6F7AA700913034 /* ForgetPassword.h */ = {isa = PBXFileReference; fileEncoding = 4; lastKnownFileType = sourcecode.c.h; path = ForgetPassword.h; sourceTree = "<group>"; };
		0425F68F1A6F7AA700913034 /* ForgetPassword.m */ = {isa = PBXFileReference; fileEncoding = 4; lastKnownFileType = sourcecode.c.objc; path = ForgetPassword.m; sourceTree = "<group>"; };
		0425F6911A7094B000913034 /* Mine.h */ = {isa = PBXFileReference; fileEncoding = 4; lastKnownFileType = sourcecode.c.h; path = Mine.h; sourceTree = "<group>"; };
		0425F6921A7094B000913034 /* Mine.m */ = {isa = PBXFileReference; fileEncoding = 4; lastKnownFileType = sourcecode.c.objc; path = Mine.m; sourceTree = "<group>"; };
		0427191F1A6CF1C1001645AA /* BaseTabBarController.h */ = {isa = PBXFileReference; fileEncoding = 4; lastKnownFileType = sourcecode.c.h; path = BaseTabBarController.h; sourceTree = "<group>"; };
		042719201A6CF1C1001645AA /* BaseTabBarController.m */ = {isa = PBXFileReference; fileEncoding = 4; lastKnownFileType = sourcecode.c.objc; path = BaseTabBarController.m; sourceTree = "<group>"; };
		042719261A6CFDE0001645AA /* Login.h */ = {isa = PBXFileReference; fileEncoding = 4; lastKnownFileType = sourcecode.c.h; path = Login.h; sourceTree = "<group>"; };
		042719271A6CFDE0001645AA /* Login.m */ = {isa = PBXFileReference; fileEncoding = 4; lastKnownFileType = sourcecode.c.objc; path = Login.m; sourceTree = "<group>"; };
		0427192A1A6CFF66001645AA /* APPInfo.h */ = {isa = PBXFileReference; fileEncoding = 4; lastKnownFileType = sourcecode.c.h; path = APPInfo.h; sourceTree = "<group>"; };
		0427192B1A6CFF66001645AA /* APPInfo.m */ = {isa = PBXFileReference; fileEncoding = 4; lastKnownFileType = sourcecode.c.objc; path = APPInfo.m; sourceTree = "<group>"; };
		0427192D1A6D01FB001645AA /* MainPlay.h */ = {isa = PBXFileReference; fileEncoding = 4; lastKnownFileType = sourcecode.c.h; path = MainPlay.h; sourceTree = "<group>"; };
		0427192E1A6D01FB001645AA /* MainPlay.m */ = {isa = PBXFileReference; fileEncoding = 4; lastKnownFileType = sourcecode.c.objc; path = MainPlay.m; sourceTree = "<group>"; };
		042B3F6C1A666C8B000E896D /* UIImageView+UIActivityIndicatorForSDWebImage.h */ = {isa = PBXFileReference; fileEncoding = 4; lastKnownFileType = sourcecode.c.h; path = "UIImageView+UIActivityIndicatorForSDWebImage.h"; sourceTree = "<group>"; };
		042B3F6D1A666C8B000E896D /* UIImageView+UIActivityIndicatorForSDWebImage.m */ = {isa = PBXFileReference; fileEncoding = 4; lastKnownFileType = sourcecode.c.objc; path = "UIImageView+UIActivityIndicatorForSDWebImage.m"; sourceTree = "<group>"; };
		042B3F701A666C8B000E896D /* CommonMacro.h */ = {isa = PBXFileReference; fileEncoding = 4; lastKnownFileType = sourcecode.c.h; path = CommonMacro.h; sourceTree = "<group>"; };
		042B3F711A666C8B000E896D /* ConstantMacro.h */ = {isa = PBXFileReference; fileEncoding = 4; lastKnownFileType = sourcecode.c.h; path = ConstantMacro.h; sourceTree = "<group>"; };
		042B3F721A666C8B000E896D /* LoadConfig.h */ = {isa = PBXFileReference; fileEncoding = 4; lastKnownFileType = sourcecode.c.h; path = LoadConfig.h; sourceTree = "<group>"; };
		042B3F751A666D35000E896D /* HttpClient.h */ = {isa = PBXFileReference; fileEncoding = 4; lastKnownFileType = sourcecode.c.h; path = HttpClient.h; sourceTree = "<group>"; };
		042B3F761A666D35000E896D /* HttpClient.m */ = {isa = PBXFileReference; fileEncoding = 4; lastKnownFileType = sourcecode.c.objc; path = HttpClient.m; sourceTree = "<group>"; };
		042B3F781A667920000E896D /* NSString+JSON.h */ = {isa = PBXFileReference; fileEncoding = 4; lastKnownFileType = sourcecode.c.h; path = "NSString+JSON.h"; sourceTree = "<group>"; };
		042B3F791A667920000E896D /* NSString+JSON.m */ = {isa = PBXFileReference; fileEncoding = 4; lastKnownFileType = sourcecode.c.objc; path = "NSString+JSON.m"; sourceTree = "<group>"; };
		042B3F7C1A66792A000E896D /* UIView+SimplifyExtend.h */ = {isa = PBXFileReference; fileEncoding = 4; lastKnownFileType = sourcecode.c.h; path = "UIView+SimplifyExtend.h"; sourceTree = "<group>"; };
		042B3F7D1A66792A000E896D /* UIView+SimplifyExtend.m */ = {isa = PBXFileReference; fileEncoding = 4; lastKnownFileType = sourcecode.c.objc; path = "UIView+SimplifyExtend.m"; sourceTree = "<group>"; };
		042B68241A67C32D009CA824 /* Response.h */ = {isa = PBXFileReference; fileEncoding = 4; lastKnownFileType = sourcecode.c.h; path = Response.h; sourceTree = "<group>"; };
		042B68251A67C32D009CA824 /* Response.m */ = {isa = PBXFileReference; fileEncoding = 4; lastKnownFileType = sourcecode.c.objc; path = Response.m; sourceTree = "<group>"; };
		043F5C441A68AEEF0009D939 /* BaseViewController.h */ = {isa = PBXFileReference; fileEncoding = 4; lastKnownFileType = sourcecode.c.h; path = BaseViewController.h; sourceTree = "<group>"; };
		043F5C451A68AEEF0009D939 /* BaseViewController.m */ = {isa = PBXFileReference; fileEncoding = 4; lastKnownFileType = sourcecode.c.objc; path = BaseViewController.m; sourceTree = "<group>"; };
		043F5C471A68AF9C0009D939 /* HuwaiHeader.pch */ = {isa = PBXFileReference; fileEncoding = 4; lastKnownFileType = sourcecode.c.h; path = HuwaiHeader.pch; sourceTree = "<group>"; };
		043F5C4A1A68E9160009D939 /* CacheBox.h */ = {isa = PBXFileReference; fileEncoding = 4; lastKnownFileType = sourcecode.c.h; path = CacheBox.h; sourceTree = "<group>"; };
		043F5C4B1A68E9160009D939 /* CacheBox.m */ = {isa = PBXFileReference; fileEncoding = 4; lastKnownFileType = sourcecode.c.objc; path = CacheBox.m; sourceTree = "<group>"; };
		043F5C4E1A68EA4A0009D939 /* CommonFoundation.h */ = {isa = PBXFileReference; fileEncoding = 4; lastKnownFileType = sourcecode.c.h; path = CommonFoundation.h; sourceTree = "<group>"; };
		043F5C4F1A68EA4A0009D939 /* CommonFoundation.m */ = {isa = PBXFileReference; fileEncoding = 4; lastKnownFileType = sourcecode.c.objc; path = CommonFoundation.m; sourceTree = "<group>"; };
		043F5C511A68ED2F0009D939 /* UIView+Toast.h */ = {isa = PBXFileReference; fileEncoding = 4; lastKnownFileType = sourcecode.c.h; path = "UIView+Toast.h"; sourceTree = "<group>"; };
		043F5C521A68ED2F0009D939 /* UIView+Toast.m */ = {isa = PBXFileReference; fileEncoding = 4; lastKnownFileType = sourcecode.c.objc; path = "UIView+Toast.m"; sourceTree = "<group>"; };
		043F5C541A691B0D0009D939 /* NSString+RectSize.h */ = {isa = PBXFileReference; fileEncoding = 4; lastKnownFileType = sourcecode.c.h; path = "NSString+RectSize.h"; sourceTree = "<group>"; };
		043F5C551A691B0D0009D939 /* NSString+RectSize.m */ = {isa = PBXFileReference; fileEncoding = 4; lastKnownFileType = sourcecode.c.objc; path = "NSString+RectSize.m"; sourceTree = "<group>"; };
		043F5C571A691B7E0009D939 /* BaseNavigationController.h */ = {isa = PBXFileReference; fileEncoding = 4; lastKnownFileType = sourcecode.c.h; path = BaseNavigationController.h; sourceTree = "<group>"; };
		043F5C581A691B7E0009D939 /* BaseNavigationController.m */ = {isa = PBXFileReference; fileEncoding = 4; lastKnownFileType = sourcecode.c.objc; path = BaseNavigationController.m; sourceTree = "<group>"; };
		043F6AE21A762CF900EEA0B3 /* AvatarObject.h */ = {isa = PBXFileReference; fileEncoding = 4; lastKnownFileType = sourcecode.c.h; path = AvatarObject.h; sourceTree = "<group>"; };
		043F6AE31A762CF900EEA0B3 /* AvatarObject.m */ = {isa = PBXFileReference; fileEncoding = 4; lastKnownFileType = sourcecode.c.objc; path = AvatarObject.m; sourceTree = "<group>"; };
		043F6AE51A762F5400EEA0B3 /* ModifyPassword.h */ = {isa = PBXFileReference; fileEncoding = 4; lastKnownFileType = sourcecode.c.h; path = ModifyPassword.h; sourceTree = "<group>"; };
		043F6AE61A762F5400EEA0B3 /* ModifyPassword.m */ = {isa = PBXFileReference; fileEncoding = 4; lastKnownFileType = sourcecode.c.objc; path = ModifyPassword.m; sourceTree = "<group>"; };
		043F6AE81A76487700EEA0B3 /* MessageList.h */ = {isa = PBXFileReference; fileEncoding = 4; lastKnownFileType = sourcecode.c.h; path = MessageList.h; sourceTree = "<group>"; };
		043F6AE91A76487700EEA0B3 /* MessageList.m */ = {isa = PBXFileReference; fileEncoding = 4; lastKnownFileType = sourcecode.c.objc; path = MessageList.m; sourceTree = "<group>"; };
		043F6AEB1A76491E00EEA0B3 /* Settings.h */ = {isa = PBXFileReference; fileEncoding = 4; lastKnownFileType = sourcecode.c.h; path = Settings.h; sourceTree = "<group>"; };
		043F6AEC1A76491E00EEA0B3 /* Settings.m */ = {isa = PBXFileReference; fileEncoding = 4; lastKnownFileType = sourcecode.c.objc; path = Settings.m; sourceTree = "<group>"; };
		044C6B8B1A88AA94000BF100 /* MJRefresh.bundle */ = {isa = PBXFileReference; lastKnownFileType = "wrapper.plug-in"; path = MJRefresh.bundle; sourceTree = "<group>"; };
		044C6B8C1A88AA94000BF100 /* MJRefresh.h */ = {isa = PBXFileReference; fileEncoding = 4; lastKnownFileType = sourcecode.c.h; path = MJRefresh.h; sourceTree = "<group>"; };
		044C6B8D1A88AA94000BF100 /* MJRefreshBaseView.h */ = {isa = PBXFileReference; fileEncoding = 4; lastKnownFileType = sourcecode.c.h; path = MJRefreshBaseView.h; sourceTree = "<group>"; };
		044C6B8E1A88AA94000BF100 /* MJRefreshBaseView.m */ = {isa = PBXFileReference; fileEncoding = 4; lastKnownFileType = sourcecode.c.objc; path = MJRefreshBaseView.m; sourceTree = "<group>"; };
		044C6B8F1A88AA94000BF100 /* MJRefreshConst.h */ = {isa = PBXFileReference; fileEncoding = 4; lastKnownFileType = sourcecode.c.h; path = MJRefreshConst.h; sourceTree = "<group>"; };
		044C6B901A88AA94000BF100 /* MJRefreshConst.m */ = {isa = PBXFileReference; fileEncoding = 4; lastKnownFileType = sourcecode.c.objc; path = MJRefreshConst.m; sourceTree = "<group>"; };
		044C6B911A88AA94000BF100 /* MJRefreshFooterView.h */ = {isa = PBXFileReference; fileEncoding = 4; lastKnownFileType = sourcecode.c.h; path = MJRefreshFooterView.h; sourceTree = "<group>"; };
		044C6B921A88AA94000BF100 /* MJRefreshFooterView.m */ = {isa = PBXFileReference; fileEncoding = 4; lastKnownFileType = sourcecode.c.objc; path = MJRefreshFooterView.m; sourceTree = "<group>"; };
		044C6B931A88AA94000BF100 /* MJRefreshHeaderView.h */ = {isa = PBXFileReference; fileEncoding = 4; lastKnownFileType = sourcecode.c.h; path = MJRefreshHeaderView.h; sourceTree = "<group>"; };
		044C6B941A88AA94000BF100 /* MJRefreshHeaderView.m */ = {isa = PBXFileReference; fileEncoding = 4; lastKnownFileType = sourcecode.c.objc; path = MJRefreshHeaderView.m; sourceTree = "<group>"; };
		044C6B951A88AA94000BF100 /* UIScrollView+MJExtension.h */ = {isa = PBXFileReference; fileEncoding = 4; lastKnownFileType = sourcecode.c.h; path = "UIScrollView+MJExtension.h"; sourceTree = "<group>"; };
		044C6B961A88AA94000BF100 /* UIScrollView+MJExtension.m */ = {isa = PBXFileReference; fileEncoding = 4; lastKnownFileType = sourcecode.c.objc; path = "UIScrollView+MJExtension.m"; sourceTree = "<group>"; };
		044C6B971A88AA94000BF100 /* UIScrollView+MJRefresh.h */ = {isa = PBXFileReference; fileEncoding = 4; lastKnownFileType = sourcecode.c.h; path = "UIScrollView+MJRefresh.h"; sourceTree = "<group>"; };
		044C6B981A88AA94000BF100 /* UIScrollView+MJRefresh.m */ = {isa = PBXFileReference; fileEncoding = 4; lastKnownFileType = sourcecode.c.objc; path = "UIScrollView+MJRefresh.m"; sourceTree = "<group>"; };
		044C6B991A88AA94000BF100 /* UIView+MJExtension.h */ = {isa = PBXFileReference; fileEncoding = 4; lastKnownFileType = sourcecode.c.h; path = "UIView+MJExtension.h"; sourceTree = "<group>"; };
		044C6B9A1A88AA94000BF100 /* UIView+MJExtension.m */ = {isa = PBXFileReference; fileEncoding = 4; lastKnownFileType = sourcecode.c.objc; path = "UIView+MJExtension.m"; sourceTree = "<group>"; };
		044C6BA31A88BEA8000BF100 /* Search.h */ = {isa = PBXFileReference; fileEncoding = 4; lastKnownFileType = sourcecode.c.h; path = Search.h; sourceTree = "<group>"; };
		044C6BA41A88BEA8000BF100 /* Search.m */ = {isa = PBXFileReference; fileEncoding = 4; lastKnownFileType = sourcecode.c.objc; path = Search.m; sourceTree = "<group>"; };
		0451FAD01A8B230300529EEC /* BlankView.h */ = {isa = PBXFileReference; fileEncoding = 4; lastKnownFileType = sourcecode.c.h; path = BlankView.h; sourceTree = "<group>"; };
		0451FAD11A8B230300529EEC /* BlankView.m */ = {isa = PBXFileReference; fileEncoding = 4; lastKnownFileType = sourcecode.c.objc; path = BlankView.m; sourceTree = "<group>"; };
		0451FAE11A8B520700529EEC /* LocationHelper.h */ = {isa = PBXFileReference; fileEncoding = 4; lastKnownFileType = sourcecode.c.h; path = LocationHelper.h; sourceTree = "<group>"; };
		0451FAE21A8B520700529EEC /* LocationHelper.m */ = {isa = PBXFileReference; fileEncoding = 4; lastKnownFileType = sourcecode.c.objc; path = LocationHelper.m; sourceTree = "<group>"; };
		0451FAE41A8B521900529EEC /* CoreLocation.framework */ = {isa = PBXFileReference; lastKnownFileType = wrapper.framework; name = CoreLocation.framework; path = System/Library/Frameworks/CoreLocation.framework; sourceTree = SDKROOT; };
		04605F381A6E4B52004EBB2D /* UIButton+ButtonUtility.h */ = {isa = PBXFileReference; fileEncoding = 4; lastKnownFileType = sourcecode.c.h; path = "UIButton+ButtonUtility.h"; sourceTree = "<group>"; };
		04605F391A6E4B52004EBB2D /* UIButton+ButtonUtility.m */ = {isa = PBXFileReference; fileEncoding = 4; lastKnownFileType = sourcecode.c.objc; path = "UIButton+ButtonUtility.m"; sourceTree = "<group>"; };
		048337BF1A7F465D00E2F889 /* EDStarRating.h */ = {isa = PBXFileReference; fileEncoding = 4; lastKnownFileType = sourcecode.c.h; path = EDStarRating.h; sourceTree = "<group>"; };
		048337C01A7F465D00E2F889 /* EDStarRating.m */ = {isa = PBXFileReference; fileEncoding = 4; lastKnownFileType = sourcecode.c.objc; path = EDStarRating.m; sourceTree = "<group>"; };
		048337C21A7F49D100E2F889 /* NotScoreCell.h */ = {isa = PBXFileReference; fileEncoding = 4; lastKnownFileType = sourcecode.c.h; path = NotScoreCell.h; sourceTree = "<group>"; };
		048337C31A7F49D100E2F889 /* NotScoreCell.m */ = {isa = PBXFileReference; fileEncoding = 4; lastKnownFileType = sourcecode.c.objc; path = NotScoreCell.m; sourceTree = "<group>"; };
		048337C51A7F49FB00E2F889 /* HasScoreCell.h */ = {isa = PBXFileReference; fileEncoding = 4; lastKnownFileType = sourcecode.c.h; path = HasScoreCell.h; sourceTree = "<group>"; };
		048337C61A7F49FB00E2F889 /* HasScoreCell.m */ = {isa = PBXFileReference; fileEncoding = 4; lastKnownFileType = sourcecode.c.objc; path = HasScoreCell.m; sourceTree = "<group>"; };
		048337C81A7F50BA00E2F889 /* BaseViewWithSeparateLine.h */ = {isa = PBXFileReference; fileEncoding = 4; lastKnownFileType = sourcecode.c.h; path = BaseViewWithSeparateLine.h; sourceTree = "<group>"; };
		048337C91A7F50BA00E2F889 /* BaseViewWithSeparateLine.m */ = {isa = PBXFileReference; fileEncoding = 4; lastKnownFileType = sourcecode.c.objc; path = BaseViewWithSeparateLine.m; sourceTree = "<group>"; };
		048337D71A7F799100E2F889 /* RTLabel.h */ = {isa = PBXFileReference; fileEncoding = 4; lastKnownFileType = sourcecode.c.h; path = RTLabel.h; sourceTree = "<group>"; };
		048337D81A7F799100E2F889 /* RTLabel.m */ = {isa = PBXFileReference; fileEncoding = 4; lastKnownFileType = sourcecode.c.objc; path = RTLabel.m; sourceTree = "<group>"; };
		048337DB1A807AA200E2F889 /* BaseTableViewCell.h */ = {isa = PBXFileReference; fileEncoding = 4; lastKnownFileType = sourcecode.c.h; path = BaseTableViewCell.h; sourceTree = "<group>"; };
		048337DC1A807AA200E2F889 /* BaseTableViewCell.m */ = {isa = PBXFileReference; fileEncoding = 4; lastKnownFileType = sourcecode.c.objc; path = BaseTableViewCell.m; sourceTree = "<group>"; };
		048E97E71A71DCFA003697D1 /* ApiServer.h */ = {isa = PBXFileReference; fileEncoding = 4; lastKnownFileType = sourcecode.c.h; path = ApiServer.h; sourceTree = "<group>"; };
		048E97E81A71DCFA003697D1 /* ApiServer.m */ = {isa = PBXFileReference; fileEncoding = 4; lastKnownFileType = sourcecode.c.objc; path = ApiServer.m; sourceTree = "<group>"; };
		048E97EA1A722854003697D1 /* Profile.h */ = {isa = PBXFileReference; fileEncoding = 4; lastKnownFileType = sourcecode.c.h; path = Profile.h; sourceTree = "<group>"; };
		048E97EB1A722854003697D1 /* Profile.m */ = {isa = PBXFileReference; fileEncoding = 4; lastKnownFileType = sourcecode.c.objc; path = Profile.m; sourceTree = "<group>"; };
		048E97ED1A722DBA003697D1 /* CommonPerson.h */ = {isa = PBXFileReference; fileEncoding = 4; lastKnownFileType = sourcecode.c.h; path = CommonPerson.h; sourceTree = "<group>"; };
		048E97EE1A722DBA003697D1 /* CommonPerson.m */ = {isa = PBXFileReference; fileEncoding = 4; lastKnownFileType = sourcecode.c.objc; path = CommonPerson.m; sourceTree = "<group>"; };
		048E97F01A722F79003697D1 /* CommonPersonAddOrEdit.h */ = {isa = PBXFileReference; fileEncoding = 4; lastKnownFileType = sourcecode.c.h; path = CommonPersonAddOrEdit.h; sourceTree = "<group>"; };
		048E97F11A722F79003697D1 /* CommonPersonAddOrEdit.m */ = {isa = PBXFileReference; fileEncoding = 4; lastKnownFileType = sourcecode.c.objc; path = CommonPersonAddOrEdit.m; sourceTree = "<group>"; };
		048E97F31A723205003697D1 /* Collected.h */ = {isa = PBXFileReference; fileEncoding = 4; lastKnownFileType = sourcecode.c.h; path = Collected.h; sourceTree = "<group>"; };
		048E97F41A723205003697D1 /* Collected.m */ = {isa = PBXFileReference; fileEncoding = 4; lastKnownFileType = sourcecode.c.objc; path = Collected.m; sourceTree = "<group>"; };
		048E97F61A72322A003697D1 /* Subscribe.h */ = {isa = PBXFileReference; fileEncoding = 4; lastKnownFileType = sourcecode.c.h; path = Subscribe.h; sourceTree = "<group>"; };
		048E97F71A72322A003697D1 /* Subscribe.m */ = {isa = PBXFileReference; fileEncoding = 4; lastKnownFileType = sourcecode.c.objc; path = Subscribe.m; sourceTree = "<group>"; };
		048E97F91A723313003697D1 /* ResetPassword.h */ = {isa = PBXFileReference; fileEncoding = 4; lastKnownFileType = sourcecode.c.h; path = ResetPassword.h; sourceTree = "<group>"; };
		048E97FA1A723313003697D1 /* ResetPassword.m */ = {isa = PBXFileReference; fileEncoding = 4; lastKnownFileType = sourcecode.c.objc; path = ResetPassword.m; sourceTree = "<group>"; };
		048E97FC1A723B04003697D1 /* BaseTableViewController.h */ = {isa = PBXFileReference; fileEncoding = 4; lastKnownFileType = sourcecode.c.h; path = BaseTableViewController.h; sourceTree = "<group>"; };
		048E97FD1A723B04003697D1 /* BaseTableViewController.m */ = {isa = PBXFileReference; fileEncoding = 4; lastKnownFileType = sourcecode.c.objc; path = BaseTableViewController.m; sourceTree = "<group>"; };
		048FAB201A90A00F001C9570 /* PAAImageView.h */ = {isa = PBXFileReference; fileEncoding = 4; lastKnownFileType = sourcecode.c.h; path = PAAImageView.h; sourceTree = "<group>"; };
		048FAB211A90A00F001C9570 /* PAAImageView.m */ = {isa = PBXFileReference; fileEncoding = 4; lastKnownFileType = sourcecode.c.objc; path = PAAImageView.m; sourceTree = "<group>"; };
		04A539401A8308DF006BA09D /* RFJModel.h */ = {isa = PBXFileReference; fileEncoding = 4; lastKnownFileType = sourcecode.c.h; path = RFJModel.h; sourceTree = "<group>"; };
		04A539411A8308DF006BA09D /* RFJModel.m */ = {isa = PBXFileReference; fileEncoding = 4; lastKnownFileType = sourcecode.c.objc; path = RFJModel.m; sourceTree = "<group>"; };
		04A539431A8309D1006BA09D /* EntryModel.h */ = {isa = PBXFileReference; fileEncoding = 4; lastKnownFileType = sourcecode.c.h; path = EntryModel.h; sourceTree = "<group>"; };
		04A539441A8309D1006BA09D /* EntryModel.m */ = {isa = PBXFileReference; fileEncoding = 4; lastKnownFileType = sourcecode.c.objc; path = EntryModel.m; sourceTree = "<group>"; };
		04A539461A846845006BA09D /* CommonPersonModel.h */ = {isa = PBXFileReference; fileEncoding = 4; lastKnownFileType = sourcecode.c.h; path = CommonPersonModel.h; sourceTree = "<group>"; };
		04A539471A846845006BA09D /* CommonPersonModel.m */ = {isa = PBXFileReference; fileEncoding = 4; lastKnownFileType = sourcecode.c.objc; path = CommonPersonModel.m; sourceTree = "<group>"; };
		04A5394C1A84AB27006BA09D /* UserMessageModel.h */ = {isa = PBXFileReference; fileEncoding = 4; lastKnownFileType = sourcecode.c.h; path = UserMessageModel.h; sourceTree = "<group>"; };
		04A5394D1A84AB27006BA09D /* UserMessageModel.m */ = {isa = PBXFileReference; fileEncoding = 4; lastKnownFileType = sourcecode.c.objc; path = UserMessageModel.m; sourceTree = "<group>"; };
		04A5394F1A84AF36006BA09D /* UserOrderModel.h */ = {isa = PBXFileReference; fileEncoding = 4; lastKnownFileType = sourcecode.c.h; path = UserOrderModel.h; sourceTree = "<group>"; };
		04A539501A84AF36006BA09D /* UserOrderModel.m */ = {isa = PBXFileReference; fileEncoding = 4; lastKnownFileType = sourcecode.c.objc; path = UserOrderModel.m; sourceTree = "<group>"; };
		04A539521A84B079006BA09D /* PagerModel.h */ = {isa = PBXFileReference; fileEncoding = 4; lastKnownFileType = sourcecode.c.h; path = PagerModel.h; sourceTree = "<group>"; };
		04A539531A84B079006BA09D /* PagerModel.m */ = {isa = PBXFileReference; fileEncoding = 4; lastKnownFileType = sourcecode.c.objc; path = PagerModel.m; sourceTree = "<group>"; };
		04A539551A84B23B006BA09D /* UserMessageContentModel.h */ = {isa = PBXFileReference; fileEncoding = 4; lastKnownFileType = sourcecode.c.h; path = UserMessageContentModel.h; sourceTree = "<group>"; };
		04A539561A84B23B006BA09D /* UserMessageContentModel.m */ = {isa = PBXFileReference; fileEncoding = 4; lastKnownFileType = sourcecode.c.objc; path = UserMessageContentModel.m; sourceTree = "<group>"; };
		04A539581A84B2B9006BA09D /* ActivityModel.h */ = {isa = PBXFileReference; fileEncoding = 4; lastKnownFileType = sourcecode.c.h; path = ActivityModel.h; sourceTree = "<group>"; };
		04A539591A84B2B9006BA09D /* ActivityModel.m */ = {isa = PBXFileReference; fileEncoding = 4; lastKnownFileType = sourcecode.c.objc; path = ActivityModel.m; sourceTree = "<group>"; };
		04A5395B1A84B3B4006BA09D /* SubscribeModel.h */ = {isa = PBXFileReference; fileEncoding = 4; lastKnownFileType = sourcecode.c.h; path = SubscribeModel.h; sourceTree = "<group>"; };
		04A5395C1A84B3B4006BA09D /* SubscribeModel.m */ = {isa = PBXFileReference; fileEncoding = 4; lastKnownFileType = sourcecode.c.objc; path = SubscribeModel.m; sourceTree = "<group>"; };
		04B09FA61A89EC260077394C /* UITextField+CursorRange.h */ = {isa = PBXFileReference; fileEncoding = 4; lastKnownFileType = sourcecode.c.h; path = "UITextField+CursorRange.h"; sourceTree = "<group>"; };
		04B09FA71A89EC260077394C /* UITextField+CursorRange.m */ = {isa = PBXFileReference; fileEncoding = 4; lastKnownFileType = sourcecode.c.objc; path = "UITextField+CursorRange.m"; sourceTree = "<group>"; };
		04B09FA91A8A0F830077394C /* FavoriteModel.h */ = {isa = PBXFileReference; fileEncoding = 4; lastKnownFileType = sourcecode.c.h; path = FavoriteModel.h; sourceTree = "<group>"; };
		04B09FAA1A8A0F830077394C /* FavoriteModel.m */ = {isa = PBXFileReference; fileEncoding = 4; lastKnownFileType = sourcecode.c.objc; path = FavoriteModel.m; sourceTree = "<group>"; };
		04C2B1EB1A65163E004E8F73 /* HuWai.app */ = {isa = PBXFileReference; explicitFileType = wrapper.application; includeInIndex = 0; path = HuWai.app; sourceTree = BUILT_PRODUCTS_DIR; };
		04C2B1EF1A65163E004E8F73 /* Info.plist */ = {isa = PBXFileReference; lastKnownFileType = text.plist.xml; path = Info.plist; sourceTree = "<group>"; };
		04C2B1F01A65163E004E8F73 /* main.m */ = {isa = PBXFileReference; lastKnownFileType = sourcecode.c.objc; path = main.m; sourceTree = "<group>"; };
		04C2B1F21A65163E004E8F73 /* AppDelegate.h */ = {isa = PBXFileReference; lastKnownFileType = sourcecode.c.h; path = AppDelegate.h; sourceTree = "<group>"; };
		04C2B1F31A65163E004E8F73 /* AppDelegate.m */ = {isa = PBXFileReference; lastKnownFileType = sourcecode.c.objc; path = AppDelegate.m; sourceTree = "<group>"; };
		04C2B1F51A65163E004E8F73 /* ViewController.h */ = {isa = PBXFileReference; lastKnownFileType = sourcecode.c.h; path = ViewController.h; sourceTree = "<group>"; };
		04C2B1F61A65163E004E8F73 /* ViewController.m */ = {isa = PBXFileReference; lastKnownFileType = sourcecode.c.objc; path = ViewController.m; sourceTree = "<group>"; };
		04C2B1F91A65163E004E8F73 /* Base */ = {isa = PBXFileReference; lastKnownFileType = file.storyboard; name = Base; path = Base.lproj/Main.storyboard; sourceTree = "<group>"; };
		04C2B1FB1A65163E004E8F73 /* Images.xcassets */ = {isa = PBXFileReference; lastKnownFileType = folder.assetcatalog; path = Images.xcassets; sourceTree = "<group>"; };
		04C2B1FE1A65163E004E8F73 /* Base */ = {isa = PBXFileReference; lastKnownFileType = file.xib; name = Base; path = Base.lproj/LaunchScreen.xib; sourceTree = "<group>"; };
		04C2B2041A65163E004E8F73 /* HuWaiTests.xctest */ = {isa = PBXFileReference; explicitFileType = wrapper.cfbundle; includeInIndex = 0; path = HuWaiTests.xctest; sourceTree = BUILT_PRODUCTS_DIR; };
		04C2B2091A65163E004E8F73 /* Info.plist */ = {isa = PBXFileReference; lastKnownFileType = text.plist.xml; path = Info.plist; sourceTree = "<group>"; };
		04C2B20A1A65163E004E8F73 /* HuWaiTests.m */ = {isa = PBXFileReference; lastKnownFileType = sourcecode.c.objc; path = HuWaiTests.m; sourceTree = "<group>"; };
		04C2B2141A651BF7004E8F73 /* Default-568h@2x.png */ = {isa = PBXFileReference; lastKnownFileType = image.png; path = "Default-568h@2x.png"; sourceTree = "<group>"; };
		04CCA7C31A7B65CE0034A21D /* NavView.h */ = {isa = PBXFileReference; fileEncoding = 4; lastKnownFileType = sourcecode.c.h; path = NavView.h; sourceTree = "<group>"; };
		04CCA7C41A7B65CE0034A21D /* NavView.m */ = {isa = PBXFileReference; fileEncoding = 4; lastKnownFileType = sourcecode.c.objc; path = NavView.m; sourceTree = "<group>"; };
		04CCA7C61A7B90EE0034A21D /* MessageListCell.h */ = {isa = PBXFileReference; fileEncoding = 4; lastKnownFileType = sourcecode.c.h; path = MessageListCell.h; sourceTree = "<group>"; };
		04CCA7C71A7B90EE0034A21D /* MessageListCell.m */ = {isa = PBXFileReference; fileEncoding = 4; lastKnownFileType = sourcecode.c.objc; path = MessageListCell.m; sourceTree = "<group>"; };
		04E8C0911A80A31800145FF0 /* Feedback.h */ = {isa = PBXFileReference; fileEncoding = 4; lastKnownFileType = sourcecode.c.h; path = Feedback.h; sourceTree = "<group>"; };
		04E8C0921A80A31800145FF0 /* Feedback.m */ = {isa = PBXFileReference; fileEncoding = 4; lastKnownFileType = sourcecode.c.objc; path = Feedback.m; sourceTree = "<group>"; };
		04EA26A41A77804600CCB35E /* MyOrder.h */ = {isa = PBXFileReference; fileEncoding = 4; lastKnownFileType = sourcecode.c.h; path = MyOrder.h; sourceTree = "<group>"; };
		04EA26A51A77804600CCB35E /* MyOrder.m */ = {isa = PBXFileReference; fileEncoding = 4; lastKnownFileType = sourcecode.c.objc; path = MyOrder.m; sourceTree = "<group>"; };
		04EA26A71A7780BD00CCB35E /* LeaderScore.h */ = {isa = PBXFileReference; fileEncoding = 4; lastKnownFileType = sourcecode.c.h; path = LeaderScore.h; sourceTree = "<group>"; };
		04EA26A81A7780BD00CCB35E /* LeaderScore.m */ = {isa = PBXFileReference; fileEncoding = 4; lastKnownFileType = sourcecode.c.objc; path = LeaderScore.m; sourceTree = "<group>"; };
		04EA26AB1A7794C900CCB35E /* ActivityCell.h */ = {isa = PBXFileReference; fileEncoding = 4; lastKnownFileType = sourcecode.c.h; path = ActivityCell.h; sourceTree = "<group>"; };
		04EA26AC1A7794C900CCB35E /* ActivityCell.m */ = {isa = PBXFileReference; fileEncoding = 4; lastKnownFileType = sourcecode.c.objc; path = ActivityCell.m; sourceTree = "<group>"; };
		04FBF45E1A79EC7F004A0A74 /* CityList.h */ = {isa = PBXFileReference; fileEncoding = 4; lastKnownFileType = sourcecode.c.h; path = CityList.h; sourceTree = "<group>"; };
		04FBF45F1A79EC7F004A0A74 /* CityList.m */ = {isa = PBXFileReference; fileEncoding = 4; lastKnownFileType = sourcecode.c.objc; path = CityList.m; sourceTree = "<group>"; };
		04FBF46A1A7A0D39004A0A74 /* zh-Hans */ = {isa = PBXFileReference; lastKnownFileType = text.plist.strings; name = "zh-Hans"; path = "zh-Hans.lproj/Main.strings"; sourceTree = "<group>"; };
		04FBF46B1A7A0D39004A0A74 /* zh-Hans */ = {isa = PBXFileReference; lastKnownFileType = text.plist.strings; name = "zh-Hans"; path = "zh-Hans.lproj/LaunchScreen.strings"; sourceTree = "<group>"; };
		04FBF46C1A7A320B004A0A74 /* ActivityDetail.h */ = {isa = PBXFileReference; fileEncoding = 4; lastKnownFileType = sourcecode.c.h; path = ActivityDetail.h; sourceTree = "<group>"; };
		04FBF46D1A7A320B004A0A74 /* ActivityDetail.m */ = {isa = PBXFileReference; fileEncoding = 4; lastKnownFileType = sourcecode.c.objc; path = ActivityDetail.m; sourceTree = "<group>"; };
		04FBF46F1A7A3F0A004A0A74 /* SelectListView.h */ = {isa = PBXFileReference; fileEncoding = 4; lastKnownFileType = sourcecode.c.h; path = SelectListView.h; sourceTree = "<group>"; };
		04FBF4701A7A3F0A004A0A74 /* SelectListView.m */ = {isa = PBXFileReference; fileEncoding = 4; lastKnownFileType = sourcecode.c.objc; path = SelectListView.m; sourceTree = "<group>"; };
		59094FCF7084AF5E34F759EA /* Pods.debug.xcconfig */ = {isa = PBXFileReference; includeInIndex = 1; lastKnownFileType = text.xcconfig; name = Pods.debug.xcconfig; path = "Pods/Target Support Files/Pods/Pods.debug.xcconfig"; sourceTree = "<group>"; };
		CFC618B8A95FAC3AC591B8A6 /* Pods.release.xcconfig */ = {isa = PBXFileReference; includeInIndex = 1; lastKnownFileType = text.xcconfig; name = Pods.release.xcconfig; path = "Pods/Target Support Files/Pods/Pods.release.xcconfig"; sourceTree = "<group>"; };
		D2326C7CAC01BA5D0F91806D /* libPods.a */ = {isa = PBXFileReference; explicitFileType = archive.ar; includeInIndex = 0; path = libPods.a; sourceTree = BUILT_PRODUCTS_DIR; };
/* End PBXFileReference section */

/* Begin PBXFrameworksBuildPhase section */
		04C2B1E81A65163E004E8F73 /* Frameworks */ = {
			isa = PBXFrameworksBuildPhase;
			buildActionMask = 2147483647;
			files = (
				0451FAE51A8B521900529EEC /* CoreLocation.framework in Frameworks */,
				D6327F38BC3909F158CBB89B /* libPods.a in Frameworks */,
			);
			runOnlyForDeploymentPostprocessing = 0;
		};
		04C2B2011A65163E004E8F73 /* Frameworks */ = {
			isa = PBXFrameworksBuildPhase;
			buildActionMask = 2147483647;
			files = (
			);
			runOnlyForDeploymentPostprocessing = 0;
		};
/* End PBXFrameworksBuildPhase section */

/* Begin PBXGroup section */
		042719221A6CFD16001645AA /* Views */ = {
			isa = PBXGroup;
			children = (
				04EA26AA1A77949600CCB35E /* Cells */,
				042719231A6CFD16001645AA /* GoOutPlay */,
				042719241A6CFD16001645AA /* LoginAndRegister */,
				042719251A6CFD16001645AA /* Mine */,
			);
			path = Views;
			sourceTree = "<group>";
		};
		042719231A6CFD16001645AA /* GoOutPlay */ = {
			isa = PBXGroup;
			children = (
				0427192D1A6D01FB001645AA /* MainPlay.h */,
				0427192E1A6D01FB001645AA /* MainPlay.m */,
				04FBF45E1A79EC7F004A0A74 /* CityList.h */,
				04FBF45F1A79EC7F004A0A74 /* CityList.m */,
				04FBF46C1A7A320B004A0A74 /* ActivityDetail.h */,
				04FBF46D1A7A320B004A0A74 /* ActivityDetail.m */,
				04FBF46F1A7A3F0A004A0A74 /* SelectListView.h */,
				04FBF4701A7A3F0A004A0A74 /* SelectListView.m */,
				04CCA7C31A7B65CE0034A21D /* NavView.h */,
				04CCA7C41A7B65CE0034A21D /* NavView.m */,
				044C6BA31A88BEA8000BF100 /* Search.h */,
				044C6BA41A88BEA8000BF100 /* Search.m */,
			);
			path = GoOutPlay;
			sourceTree = "<group>";
		};
		042719241A6CFD16001645AA /* LoginAndRegister */ = {
			isa = PBXGroup;
			children = (
				042719261A6CFDE0001645AA /* Login.h */,
				042719271A6CFDE0001645AA /* Login.m */,
				0425F68B1A6F6CA100913034 /* Register.h */,
				0425F68C1A6F6CA100913034 /* Register.m */,
				0425F68E1A6F7AA700913034 /* ForgetPassword.h */,
				0425F68F1A6F7AA700913034 /* ForgetPassword.m */,
				048E97F91A723313003697D1 /* ResetPassword.h */,
				048E97FA1A723313003697D1 /* ResetPassword.m */,
			);
			path = LoginAndRegister;
			sourceTree = "<group>";
		};
		042719251A6CFD16001645AA /* Mine */ = {
			isa = PBXGroup;
			children = (
				0425F6911A7094B000913034 /* Mine.h */,
				0425F6921A7094B000913034 /* Mine.m */,
				048E97EA1A722854003697D1 /* Profile.h */,
				048E97EB1A722854003697D1 /* Profile.m */,
				048E97ED1A722DBA003697D1 /* CommonPerson.h */,
				048E97EE1A722DBA003697D1 /* CommonPerson.m */,
				048E97F01A722F79003697D1 /* CommonPersonAddOrEdit.h */,
				048E97F11A722F79003697D1 /* CommonPersonAddOrEdit.m */,
				048E97F31A723205003697D1 /* Collected.h */,
				048E97F41A723205003697D1 /* Collected.m */,
				048E97F61A72322A003697D1 /* Subscribe.h */,
				048E97F71A72322A003697D1 /* Subscribe.m */,
				043F6AE51A762F5400EEA0B3 /* ModifyPassword.h */,
				043F6AE61A762F5400EEA0B3 /* ModifyPassword.m */,
				043F6AE81A76487700EEA0B3 /* MessageList.h */,
				043F6AE91A76487700EEA0B3 /* MessageList.m */,
				043F6AEB1A76491E00EEA0B3 /* Settings.h */,
				043F6AEC1A76491E00EEA0B3 /* Settings.m */,
				04EA26A41A77804600CCB35E /* MyOrder.h */,
				04EA26A51A77804600CCB35E /* MyOrder.m */,
				04EA26A71A7780BD00CCB35E /* LeaderScore.h */,
				04EA26A81A7780BD00CCB35E /* LeaderScore.m */,
				04E8C0911A80A31800145FF0 /* Feedback.h */,
				04E8C0921A80A31800145FF0 /* Feedback.m */,
			);
			path = Mine;
			sourceTree = "<group>";
		};
		042719291A6CFF45001645AA /* Models */ = {
			isa = PBXGroup;
			children = (
				0427192A1A6CFF66001645AA /* APPInfo.h */,
				0427192B1A6CFF66001645AA /* APPInfo.m */,
				04A539431A8309D1006BA09D /* EntryModel.h */,
				04A539441A8309D1006BA09D /* EntryModel.m */,
				04A539461A846845006BA09D /* CommonPersonModel.h */,
				04A539471A846845006BA09D /* CommonPersonModel.m */,
				04A5394C1A84AB27006BA09D /* UserMessageModel.h */,
				04A5394D1A84AB27006BA09D /* UserMessageModel.m */,
				04A5394F1A84AF36006BA09D /* UserOrderModel.h */,
				04A539501A84AF36006BA09D /* UserOrderModel.m */,
				04A539521A84B079006BA09D /* PagerModel.h */,
				04A539531A84B079006BA09D /* PagerModel.m */,
				04A539551A84B23B006BA09D /* UserMessageContentModel.h */,
				04A539561A84B23B006BA09D /* UserMessageContentModel.m */,
				04A539581A84B2B9006BA09D /* ActivityModel.h */,
				04A539591A84B2B9006BA09D /* ActivityModel.m */,
				04A5395B1A84B3B4006BA09D /* SubscribeModel.h */,
				04A5395C1A84B3B4006BA09D /* SubscribeModel.m */,
				04B09FA91A8A0F830077394C /* FavoriteModel.h */,
				04B09FAA1A8A0F830077394C /* FavoriteModel.m */,
			);
			path = Models;
			sourceTree = "<group>";
		};
		042B3F611A664338000E896D /* Classes */ = {
			isa = PBXGroup;
			children = (
				048337DA1A807A7E00E2F889 /* BaseCommon */,
				04605F1B1A6E2C70004EBB2D /* Vendor */,
				042719291A6CFF45001645AA /* Models */,
				042719221A6CFD16001645AA /* Views */,
				043F5C4D1A68EA4A0009D939 /* Common */,
				043F5C431A68AEBC0009D939 /* Controllers */,
				042B3F681A666C8B000E896D /* Categorys */,
				042B3F6E1A666C8B000E896D /* Core */,
				042B3F6F1A666C8B000E896D /* Macro */,
			);
			path = Classes;
			sourceTree = "<group>";
		};
		042B3F681A666C8B000E896D /* Categorys */ = {
			isa = PBXGroup;
			children = (
				04B09FA51A89EBD50077394C /* UITextField */,
				042B3F7B1A66792A000E896D /* UIView */,
				042B3F691A666C8B000E896D /* NSString */,
				042B3F6A1A666C8B000E896D /* UIButton */,
				042B3F6B1A666C8B000E896D /* UIImageView */,
			);
			path = Categorys;
			sourceTree = "<group>";
		};
		042B3F691A666C8B000E896D /* NSString */ = {
			isa = PBXGroup;
			children = (
				042B3F781A667920000E896D /* NSString+JSON.h */,
				042B3F791A667920000E896D /* NSString+JSON.m */,
				043F5C541A691B0D0009D939 /* NSString+RectSize.h */,
				043F5C551A691B0D0009D939 /* NSString+RectSize.m */,
			);
			path = NSString;
			sourceTree = "<group>";
		};
		042B3F6A1A666C8B000E896D /* UIButton */ = {
			isa = PBXGroup;
			children = (
				04605F381A6E4B52004EBB2D /* UIButton+ButtonUtility.h */,
				04605F391A6E4B52004EBB2D /* UIButton+ButtonUtility.m */,
			);
			path = UIButton;
			sourceTree = "<group>";
		};
		042B3F6B1A666C8B000E896D /* UIImageView */ = {
			isa = PBXGroup;
			children = (
				042B3F6C1A666C8B000E896D /* UIImageView+UIActivityIndicatorForSDWebImage.h */,
				042B3F6D1A666C8B000E896D /* UIImageView+UIActivityIndicatorForSDWebImage.m */,
			);
			path = UIImageView;
			sourceTree = "<group>";
		};
		042B3F6E1A666C8B000E896D /* Core */ = {
			isa = PBXGroup;
			children = (
				043F6AE11A762CF900EEA0B3 /* AvatarImagePicker */,
				043F5C491A68E90A0009D939 /* DataCache */,
				042B3F741A666CC7000E896D /* HTTP */,
			);
			path = Core;
			sourceTree = "<group>";
		};
		042B3F6F1A666C8B000E896D /* Macro */ = {
			isa = PBXGroup;
			children = (
				042B3F701A666C8B000E896D /* CommonMacro.h */,
				042B3F711A666C8B000E896D /* ConstantMacro.h */,
				042B3F721A666C8B000E896D /* LoadConfig.h */,
			);
			path = Macro;
			sourceTree = "<group>";
		};
		042B3F741A666CC7000E896D /* HTTP */ = {
			isa = PBXGroup;
			children = (
				042B3F751A666D35000E896D /* HttpClient.h */,
				042B3F761A666D35000E896D /* HttpClient.m */,
				042B68241A67C32D009CA824 /* Response.h */,
				042B68251A67C32D009CA824 /* Response.m */,
				048E97E71A71DCFA003697D1 /* ApiServer.h */,
				048E97E81A71DCFA003697D1 /* ApiServer.m */,
			);
			path = HTTP;
			sourceTree = "<group>";
		};
		042B3F7B1A66792A000E896D /* UIView */ = {
			isa = PBXGroup;
			children = (
				042B3F7C1A66792A000E896D /* UIView+SimplifyExtend.h */,
				042B3F7D1A66792A000E896D /* UIView+SimplifyExtend.m */,
				043F5C511A68ED2F0009D939 /* UIView+Toast.h */,
				043F5C521A68ED2F0009D939 /* UIView+Toast.m */,
			);
			path = UIView;
			sourceTree = "<group>";
		};
		043F5C431A68AEBC0009D939 /* Controllers */ = {
			isa = PBXGroup;
			children = (
				043F5C441A68AEEF0009D939 /* BaseViewController.h */,
				043F5C451A68AEEF0009D939 /* BaseViewController.m */,
				043F5C571A691B7E0009D939 /* BaseNavigationController.h */,
				043F5C581A691B7E0009D939 /* BaseNavigationController.m */,
				0427191F1A6CF1C1001645AA /* BaseTabBarController.h */,
				042719201A6CF1C1001645AA /* BaseTabBarController.m */,
				048E97FC1A723B04003697D1 /* BaseTableViewController.h */,
				048E97FD1A723B04003697D1 /* BaseTableViewController.m */,
				048337C81A7F50BA00E2F889 /* BaseViewWithSeparateLine.h */,
				048337C91A7F50BA00E2F889 /* BaseViewWithSeparateLine.m */,
			);
			path = Controllers;
			sourceTree = "<group>";
		};
		043F5C491A68E90A0009D939 /* DataCache */ = {
			isa = PBXGroup;
			children = (
				043F5C4A1A68E9160009D939 /* CacheBox.h */,
				043F5C4B1A68E9160009D939 /* CacheBox.m */,
			);
			path = DataCache;
			sourceTree = "<group>";
		};
		043F5C4D1A68EA4A0009D939 /* Common */ = {
			isa = PBXGroup;
			children = (
				0451FAE11A8B520700529EEC /* LocationHelper.h */,
				0451FAE21A8B520700529EEC /* LocationHelper.m */,
				0451FAD01A8B230300529EEC /* BlankView.h */,
				0451FAD11A8B230300529EEC /* BlankView.m */,
				043F5C4E1A68EA4A0009D939 /* CommonFoundation.h */,
				043F5C4F1A68EA4A0009D939 /* CommonFoundation.m */,
			);
			path = Common;
			sourceTree = "<group>";
		};
		043F6AE11A762CF900EEA0B3 /* AvatarImagePicker */ = {
			isa = PBXGroup;
			children = (
				043F6AE21A762CF900EEA0B3 /* AvatarObject.h */,
				043F6AE31A762CF900EEA0B3 /* AvatarObject.m */,
			);
			path = AvatarImagePicker;
			sourceTree = "<group>";
		};
		044C6B8A1A88AA94000BF100 /* MJRefresh */ = {
			isa = PBXGroup;
			children = (
				044C6B8B1A88AA94000BF100 /* MJRefresh.bundle */,
				044C6B8C1A88AA94000BF100 /* MJRefresh.h */,
				044C6B8D1A88AA94000BF100 /* MJRefreshBaseView.h */,
				044C6B8E1A88AA94000BF100 /* MJRefreshBaseView.m */,
				044C6B8F1A88AA94000BF100 /* MJRefreshConst.h */,
				044C6B901A88AA94000BF100 /* MJRefreshConst.m */,
				044C6B911A88AA94000BF100 /* MJRefreshFooterView.h */,
				044C6B921A88AA94000BF100 /* MJRefreshFooterView.m */,
				044C6B931A88AA94000BF100 /* MJRefreshHeaderView.h */,
				044C6B941A88AA94000BF100 /* MJRefreshHeaderView.m */,
				044C6B951A88AA94000BF100 /* UIScrollView+MJExtension.h */,
				044C6B961A88AA94000BF100 /* UIScrollView+MJExtension.m */,
				044C6B971A88AA94000BF100 /* UIScrollView+MJRefresh.h */,
				044C6B981A88AA94000BF100 /* UIScrollView+MJRefresh.m */,
				044C6B991A88AA94000BF100 /* UIView+MJExtension.h */,
				044C6B9A1A88AA94000BF100 /* UIView+MJExtension.m */,
			);
			path = MJRefresh;
			sourceTree = "<group>";
		};
		04605F1B1A6E2C70004EBB2D /* Vendor */ = {
			isa = PBXGroup;
			children = (
				048FAB1F1A90A00F001C9570 /* PAAImageView */,
				044C6B8A1A88AA94000BF100 /* MJRefresh */,
				04A5393F1A8308DF006BA09D /* RFJModel */,
				048337CE1A7F737D00E2F889 /* RTLabel */,
				048337BE1A7F465D00E2F889 /* EDStarRating */,
			);
			path = Vendor;
			sourceTree = "<group>";
		};
		048337BE1A7F465D00E2F889 /* EDStarRating */ = {
			isa = PBXGroup;
			children = (
				048337BF1A7F465D00E2F889 /* EDStarRating.h */,
				048337C01A7F465D00E2F889 /* EDStarRating.m */,
			);
			path = EDStarRating;
			sourceTree = "<group>";
		};
		048337CE1A7F737D00E2F889 /* RTLabel */ = {
			isa = PBXGroup;
			children = (
				048337D71A7F799100E2F889 /* RTLabel.h */,
				048337D81A7F799100E2F889 /* RTLabel.m */,
			);
			path = RTLabel;
			sourceTree = "<group>";
		};
		048337DA1A807A7E00E2F889 /* BaseCommon */ = {
			isa = PBXGroup;
			children = (
				048337DB1A807AA200E2F889 /* BaseTableViewCell.h */,
				048337DC1A807AA200E2F889 /* BaseTableViewCell.m */,
			);
			path = BaseCommon;
			sourceTree = "<group>";
		};
		048FAB1F1A90A00F001C9570 /* PAAImageView */ = {
			isa = PBXGroup;
			children = (
				048FAB201A90A00F001C9570 /* PAAImageView.h */,
				048FAB211A90A00F001C9570 /* PAAImageView.m */,
			);
			path = PAAImageView;
			sourceTree = "<group>";
		};
		04A5393F1A8308DF006BA09D /* RFJModel */ = {
			isa = PBXGroup;
			children = (
				04A539401A8308DF006BA09D /* RFJModel.h */,
				04A539411A8308DF006BA09D /* RFJModel.m */,
			);
			path = RFJModel;
			sourceTree = "<group>";
		};
		04B09FA51A89EBD50077394C /* UITextField */ = {
			isa = PBXGroup;
			children = (
				04B09FA61A89EC260077394C /* UITextField+CursorRange.h */,
				04B09FA71A89EC260077394C /* UITextField+CursorRange.m */,
			);
			path = UITextField;
			sourceTree = "<group>";
		};
		04C2B1E21A65163E004E8F73 = {
			isa = PBXGroup;
			children = (
				04C2B1ED1A65163E004E8F73 /* HuWai */,
				04C2B2071A65163E004E8F73 /* HuWaiTests */,
				04C2B1EC1A65163E004E8F73 /* Products */,
				5551D10EB003D111163CBF90 /* Pods */,
				9E6ED30CF92B0B788D033C38 /* Frameworks */,
			);
			sourceTree = "<group>";
		};
		04C2B1EC1A65163E004E8F73 /* Products */ = {
			isa = PBXGroup;
			children = (
				04C2B1EB1A65163E004E8F73 /* HuWai.app */,
				04C2B2041A65163E004E8F73 /* HuWaiTests.xctest */,
			);
			name = Products;
			sourceTree = "<group>";
		};
		04C2B1ED1A65163E004E8F73 /* HuWai */ = {
			isa = PBXGroup;
			children = (
				042B3F611A664338000E896D /* Classes */,
				04C2B1F21A65163E004E8F73 /* AppDelegate.h */,
				04C2B1F31A65163E004E8F73 /* AppDelegate.m */,
				04C2B1F51A65163E004E8F73 /* ViewController.h */,
				04C2B1F61A65163E004E8F73 /* ViewController.m */,
				04C2B1F81A65163E004E8F73 /* Main.storyboard */,
				04C2B1FB1A65163E004E8F73 /* Images.xcassets */,
				04C2B1FD1A65163E004E8F73 /* LaunchScreen.xib */,
				04C2B1EE1A65163E004E8F73 /* Supporting Files */,
			);
			path = HuWai;
			sourceTree = "<group>";
		};
		04C2B1EE1A65163E004E8F73 /* Supporting Files */ = {
			isa = PBXGroup;
			children = (
				04C2B1EF1A65163E004E8F73 /* Info.plist */,
				04C2B2141A651BF7004E8F73 /* Default-568h@2x.png */,
				04C2B1F01A65163E004E8F73 /* main.m */,
				043F5C471A68AF9C0009D939 /* HuwaiHeader.pch */,
			);
			name = "Supporting Files";
			sourceTree = "<group>";
		};
		04C2B2071A65163E004E8F73 /* HuWaiTests */ = {
			isa = PBXGroup;
			children = (
				04C2B20A1A65163E004E8F73 /* HuWaiTests.m */,
				04C2B2081A65163E004E8F73 /* Supporting Files */,
			);
			path = HuWaiTests;
			sourceTree = "<group>";
		};
		04C2B2081A65163E004E8F73 /* Supporting Files */ = {
			isa = PBXGroup;
			children = (
				04C2B2091A65163E004E8F73 /* Info.plist */,
			);
			name = "Supporting Files";
			sourceTree = "<group>";
		};
		04EA26AA1A77949600CCB35E /* Cells */ = {
			isa = PBXGroup;
			children = (
				04EA26AB1A7794C900CCB35E /* ActivityCell.h */,
				04EA26AC1A7794C900CCB35E /* ActivityCell.m */,
				04CCA7C61A7B90EE0034A21D /* MessageListCell.h */,
				04CCA7C71A7B90EE0034A21D /* MessageListCell.m */,
				048337C21A7F49D100E2F889 /* NotScoreCell.h */,
				048337C31A7F49D100E2F889 /* NotScoreCell.m */,
				048337C51A7F49FB00E2F889 /* HasScoreCell.h */,
				048337C61A7F49FB00E2F889 /* HasScoreCell.m */,
			);
			path = Cells;
			sourceTree = "<group>";
		};
		5551D10EB003D111163CBF90 /* Pods */ = {
			isa = PBXGroup;
			children = (
				59094FCF7084AF5E34F759EA /* Pods.debug.xcconfig */,
				CFC618B8A95FAC3AC591B8A6 /* Pods.release.xcconfig */,
			);
			name = Pods;
			sourceTree = "<group>";
		};
		9E6ED30CF92B0B788D033C38 /* Frameworks */ = {
			isa = PBXGroup;
			children = (
				0451FAE41A8B521900529EEC /* CoreLocation.framework */,
				D2326C7CAC01BA5D0F91806D /* libPods.a */,
			);
			name = Frameworks;
			sourceTree = "<group>";
		};
/* End PBXGroup section */

/* Begin PBXNativeTarget section */
		04C2B1EA1A65163E004E8F73 /* HuWai */ = {
			isa = PBXNativeTarget;
			buildConfigurationList = 04C2B20E1A65163E004E8F73 /* Build configuration list for PBXNativeTarget "HuWai" */;
			buildPhases = (
				0E56007A2FFD4E4967600B8F /* Check Pods Manifest.lock */,
				04C2B1E71A65163E004E8F73 /* Sources */,
				04C2B1E81A65163E004E8F73 /* Frameworks */,
				04C2B1E91A65163E004E8F73 /* Resources */,
				726F219E1CCA6FF84DA925E1 /* Copy Pods Resources */,
			);
			buildRules = (
			);
			dependencies = (
			);
			name = HuWai;
			productName = HuWai;
			productReference = 04C2B1EB1A65163E004E8F73 /* HuWai.app */;
			productType = "com.apple.product-type.application";
		};
		04C2B2031A65163E004E8F73 /* HuWaiTests */ = {
			isa = PBXNativeTarget;
			buildConfigurationList = 04C2B2111A65163E004E8F73 /* Build configuration list for PBXNativeTarget "HuWaiTests" */;
			buildPhases = (
				04C2B2001A65163E004E8F73 /* Sources */,
				04C2B2011A65163E004E8F73 /* Frameworks */,
				04C2B2021A65163E004E8F73 /* Resources */,
			);
			buildRules = (
			);
			dependencies = (
				04C2B2061A65163E004E8F73 /* PBXTargetDependency */,
			);
			name = HuWaiTests;
			productName = HuWaiTests;
			productReference = 04C2B2041A65163E004E8F73 /* HuWaiTests.xctest */;
			productType = "com.apple.product-type.bundle.unit-test";
		};
/* End PBXNativeTarget section */

/* Begin PBXProject section */
		04C2B1E31A65163E004E8F73 /* Project object */ = {
			isa = PBXProject;
			attributes = {
				LastUpgradeCheck = 0610;
				ORGANIZATIONNAME = xici;
				TargetAttributes = {
					04C2B1EA1A65163E004E8F73 = {
						CreatedOnToolsVersion = 6.1.1;
						DevelopmentTeam = 543V9395HR;
					};
					04C2B2031A65163E004E8F73 = {
						CreatedOnToolsVersion = 6.1.1;
						TestTargetID = 04C2B1EA1A65163E004E8F73;
					};
				};
			};
			buildConfigurationList = 04C2B1E61A65163E004E8F73 /* Build configuration list for PBXProject "HuWai" */;
			compatibilityVersion = "Xcode 3.2";
			developmentRegion = English;
			hasScannedForEncodings = 0;
			knownRegions = (
				en,
				Base,
			);
			mainGroup = 04C2B1E21A65163E004E8F73;
			productRefGroup = 04C2B1EC1A65163E004E8F73 /* Products */;
			projectDirPath = "";
			projectRoot = "";
			targets = (
				04C2B1EA1A65163E004E8F73 /* HuWai */,
				04C2B2031A65163E004E8F73 /* HuWaiTests */,
			);
		};
/* End PBXProject section */

/* Begin PBXResourcesBuildPhase section */
		04C2B1E91A65163E004E8F73 /* Resources */ = {
			isa = PBXResourcesBuildPhase;
			buildActionMask = 2147483647;
			files = (
				04C2B1FA1A65163E004E8F73 /* Main.storyboard in Resources */,
				04C2B2151A651BF7004E8F73 /* Default-568h@2x.png in Resources */,
				04C2B1FF1A65163E004E8F73 /* LaunchScreen.xib in Resources */,
				044C6B9B1A88AA94000BF100 /* MJRefresh.bundle in Resources */,
				04C2B1FC1A65163E004E8F73 /* Images.xcassets in Resources */,
			);
			runOnlyForDeploymentPostprocessing = 0;
		};
		04C2B2021A65163E004E8F73 /* Resources */ = {
			isa = PBXResourcesBuildPhase;
			buildActionMask = 2147483647;
			files = (
			);
			runOnlyForDeploymentPostprocessing = 0;
		};
/* End PBXResourcesBuildPhase section */

/* Begin PBXShellScriptBuildPhase section */
		0E56007A2FFD4E4967600B8F /* Check Pods Manifest.lock */ = {
			isa = PBXShellScriptBuildPhase;
			buildActionMask = 2147483647;
			files = (
			);
			inputPaths = (
			);
			name = "Check Pods Manifest.lock";
			outputPaths = (
			);
			runOnlyForDeploymentPostprocessing = 0;
			shellPath = /bin/sh;
			shellScript = "diff \"${PODS_ROOT}/../Podfile.lock\" \"${PODS_ROOT}/Manifest.lock\" > /dev/null\nif [[ $? != 0 ]] ; then\n    cat << EOM\nerror: The sandbox is not in sync with the Podfile.lock. Run 'pod install' or update your CocoaPods installation.\nEOM\n    exit 1\nfi\n";
			showEnvVarsInLog = 0;
		};
		726F219E1CCA6FF84DA925E1 /* Copy Pods Resources */ = {
			isa = PBXShellScriptBuildPhase;
			buildActionMask = 2147483647;
			files = (
			);
			inputPaths = (
			);
			name = "Copy Pods Resources";
			outputPaths = (
			);
			runOnlyForDeploymentPostprocessing = 0;
			shellPath = /bin/sh;
			shellScript = "\"${SRCROOT}/Pods/Target Support Files/Pods/Pods-resources.sh\"\n";
			showEnvVarsInLog = 0;
		};
/* End PBXShellScriptBuildPhase section */

/* Begin PBXSourcesBuildPhase section */
		04C2B1E71A65163E004E8F73 /* Sources */ = {
			isa = PBXSourcesBuildPhase;
			buildActionMask = 2147483647;
			files = (
				044C6B9E1A88AA94000BF100 /* MJRefreshFooterView.m in Sources */,
				048E97FE1A723B04003697D1 /* BaseTableViewController.m in Sources */,
				04FBF46E1A7A320B004A0A74 /* ActivityDetail.m in Sources */,
				048E97FB1A723313003697D1 /* ResetPassword.m in Sources */,
				048FAB221A90A00F001C9570 /* PAAImageView.m in Sources */,
				043F5C531A68ED2F0009D939 /* UIView+Toast.m in Sources */,
				0427192C1A6CFF66001645AA /* APPInfo.m in Sources */,
				043F5C4C1A68E9160009D939 /* CacheBox.m in Sources */,
				04A5395D1A84B3B4006BA09D /* SubscribeModel.m in Sources */,
				044C6BA11A88AA94000BF100 /* UIScrollView+MJRefresh.m in Sources */,
				044C6BA51A88BEA8000BF100 /* Search.m in Sources */,
				04C2B1F71A65163E004E8F73 /* ViewController.m in Sources */,
				043F6AED1A76491E00EEA0B3 /* Settings.m in Sources */,
				043F5C461A68AEEF0009D939 /* BaseViewController.m in Sources */,
				044C6B9D1A88AA94000BF100 /* MJRefreshConst.m in Sources */,
				043F6AE71A762F5400EEA0B3 /* ModifyPassword.m in Sources */,
				04C2B1F41A65163E004E8F73 /* AppDelegate.m in Sources */,
				04B09FAB1A8A0F830077394C /* FavoriteModel.m in Sources */,
				04605F3A1A6E4B52004EBB2D /* UIButton+ButtonUtility.m in Sources */,
				048337DD1A807AA200E2F889 /* BaseTableViewCell.m in Sources */,
				048337D91A7F799100E2F889 /* RTLabel.m in Sources */,
				0425F68D1A6F6CA100913034 /* Register.m in Sources */,
				0425F6931A7094B000913034 /* Mine.m in Sources */,
				042B3F771A666D35000E896D /* HttpClient.m in Sources */,
				044C6B9C1A88AA94000BF100 /* MJRefreshBaseView.m in Sources */,
				042B3F7A1A667920000E896D /* NSString+JSON.m in Sources */,
				048337C41A7F49D100E2F889 /* NotScoreCell.m in Sources */,
				048E97F21A722F79003697D1 /* CommonPersonAddOrEdit.m in Sources */,
				042B68261A67C32D009CA824 /* Response.m in Sources */,
				043F5C591A691B7E0009D939 /* BaseNavigationController.m in Sources */,
				042B3F7E1A66792A000E896D /* UIView+SimplifyExtend.m in Sources */,
				043F6AEA1A76487700EEA0B3 /* MessageList.m in Sources */,
				044C6BA01A88AA94000BF100 /* UIScrollView+MJExtension.m in Sources */,
				04FBF4601A79EC7F004A0A74 /* CityList.m in Sources */,
				044C6BA21A88AA94000BF100 /* UIView+MJExtension.m in Sources */,
				048E97E91A71DCFA003697D1 /* ApiServer.m in Sources */,
				042719211A6CF1C1001645AA /* BaseTabBarController.m in Sources */,
				04A539511A84AF36006BA09D /* UserOrderModel.m in Sources */,
				04FBF4711A7A3F0A004A0A74 /* SelectListView.m in Sources */,
				04CCA7C51A7B65CE0034A21D /* NavView.m in Sources */,
				042719281A6CFDE0001645AA /* Login.m in Sources */,
				043F6AE41A762CF900EEA0B3 /* AvatarObject.m in Sources */,
				04A539541A84B079006BA09D /* PagerModel.m in Sources */,
				04C2B1F11A65163E004E8F73 /* main.m in Sources */,
				048337C71A7F49FB00E2F889 /* HasScoreCell.m in Sources */,
				0427192F1A6D01FB001645AA /* MainPlay.m in Sources */,
				04E8C0931A80A31800145FF0 /* Feedback.m in Sources */,
				04A539481A846845006BA09D /* CommonPersonModel.m in Sources */,
				043F5C501A68EA4A0009D939 /* CommonFoundation.m in Sources */,
				0451FAD21A8B230300529EEC /* BlankView.m in Sources */,
				04A539451A8309D1006BA09D /* EntryModel.m in Sources */,
				04EA26AD1A7794C900CCB35E /* ActivityCell.m in Sources */,
				04EA26A61A77804600CCB35E /* MyOrder.m in Sources */,
				04A5395A1A84B2B9006BA09D /* ActivityModel.m in Sources */,
				048E97EC1A722854003697D1 /* Profile.m in Sources */,
				04B09FA81A89EC260077394C /* UITextField+CursorRange.m in Sources */,
				0425F6901A6F7AA700913034 /* ForgetPassword.m in Sources */,
				04CCA7C81A7B90EE0034A21D /* MessageListCell.m in Sources */,
				044C6B9F1A88AA94000BF100 /* MJRefreshHeaderView.m in Sources */,
				048337C11A7F465D00E2F889 /* EDStarRating.m in Sources */,
				04A539421A8308DF006BA09D /* RFJModel.m in Sources */,
				048E97F81A72322A003697D1 /* Subscribe.m in Sources */,
				048E97EF1A722DBA003697D1 /* CommonPerson.m in Sources */,
				048E97F51A723205003697D1 /* Collected.m in Sources */,
				042B3F731A666C8B000E896D /* UIImageView+UIActivityIndicatorForSDWebImage.m in Sources */,
				04A5394E1A84AB27006BA09D /* UserMessageModel.m in Sources */,
				043F5C561A691B0D0009D939 /* NSString+RectSize.m in Sources */,
				04EA26A91A7780BD00CCB35E /* LeaderScore.m in Sources */,
				04A539571A84B23B006BA09D /* UserMessageContentModel.m in Sources */,
				0451FAE31A8B520700529EEC /* LocationHelper.m in Sources */,
				048337CA1A7F50BA00E2F889 /* BaseViewWithSeparateLine.m in Sources */,
			);
			runOnlyForDeploymentPostprocessing = 0;
		};
		04C2B2001A65163E004E8F73 /* Sources */ = {
			isa = PBXSourcesBuildPhase;
			buildActionMask = 2147483647;
			files = (
				04C2B20B1A65163E004E8F73 /* HuWaiTests.m in Sources */,
			);
			runOnlyForDeploymentPostprocessing = 0;
		};
/* End PBXSourcesBuildPhase section */

/* Begin PBXTargetDependency section */
		04C2B2061A65163E004E8F73 /* PBXTargetDependency */ = {
			isa = PBXTargetDependency;
			target = 04C2B1EA1A65163E004E8F73 /* HuWai */;
			targetProxy = 04C2B2051A65163E004E8F73 /* PBXContainerItemProxy */;
		};
/* End PBXTargetDependency section */

/* Begin PBXVariantGroup section */
		04C2B1F81A65163E004E8F73 /* Main.storyboard */ = {
			isa = PBXVariantGroup;
			children = (
				04C2B1F91A65163E004E8F73 /* Base */,
				04FBF46A1A7A0D39004A0A74 /* zh-Hans */,
			);
			name = Main.storyboard;
			sourceTree = "<group>";
		};
		04C2B1FD1A65163E004E8F73 /* LaunchScreen.xib */ = {
			isa = PBXVariantGroup;
			children = (
				04C2B1FE1A65163E004E8F73 /* Base */,
				04FBF46B1A7A0D39004A0A74 /* zh-Hans */,
			);
			name = LaunchScreen.xib;
			sourceTree = "<group>";
		};
/* End PBXVariantGroup section */

/* Begin XCBuildConfiguration section */
		04C2B20C1A65163E004E8F73 /* Debug */ = {
			isa = XCBuildConfiguration;
			buildSettings = {
				ALWAYS_SEARCH_USER_PATHS = NO;
				CLANG_CXX_LANGUAGE_STANDARD = "gnu++0x";
				CLANG_CXX_LIBRARY = "libc++";
				CLANG_ENABLE_MODULES = YES;
				CLANG_ENABLE_OBJC_ARC = YES;
				CLANG_WARN_BOOL_CONVERSION = YES;
				CLANG_WARN_CONSTANT_CONVERSION = YES;
				CLANG_WARN_DIRECT_OBJC_ISA_USAGE = YES_ERROR;
				CLANG_WARN_EMPTY_BODY = YES;
				CLANG_WARN_ENUM_CONVERSION = YES;
				CLANG_WARN_INT_CONVERSION = YES;
				CLANG_WARN_OBJC_ROOT_CLASS = YES_ERROR;
				CLANG_WARN_UNREACHABLE_CODE = YES;
				CLANG_WARN__DUPLICATE_METHOD_MATCH = YES;
				"CODE_SIGN_IDENTITY[sdk=iphoneos*]" = "iPhone Developer";
				COPY_PHASE_STRIP = NO;
				ENABLE_STRICT_OBJC_MSGSEND = YES;
				GCC_C_LANGUAGE_STANDARD = gnu99;
				GCC_DYNAMIC_NO_PIC = NO;
				GCC_OPTIMIZATION_LEVEL = 0;
				GCC_PREPROCESSOR_DEFINITIONS = (
					"DEBUG=1",
					"$(inherited)",
				);
				GCC_SYMBOLS_PRIVATE_EXTERN = NO;
				GCC_WARN_64_TO_32_BIT_CONVERSION = YES;
				GCC_WARN_ABOUT_RETURN_TYPE = YES_ERROR;
				GCC_WARN_UNDECLARED_SELECTOR = YES;
				GCC_WARN_UNINITIALIZED_AUTOS = YES_AGGRESSIVE;
				GCC_WARN_UNUSED_FUNCTION = YES;
				GCC_WARN_UNUSED_VARIABLE = YES;
				IPHONEOS_DEPLOYMENT_TARGET = 6.0;
				MTL_ENABLE_DEBUG_INFO = YES;
				ONLY_ACTIVE_ARCH = YES;
				SDKROOT = iphoneos;
			};
			name = Debug;
		};
		04C2B20D1A65163E004E8F73 /* Release */ = {
			isa = XCBuildConfiguration;
			buildSettings = {
				ALWAYS_SEARCH_USER_PATHS = NO;
				CLANG_CXX_LANGUAGE_STANDARD = "gnu++0x";
				CLANG_CXX_LIBRARY = "libc++";
				CLANG_ENABLE_MODULES = YES;
				CLANG_ENABLE_OBJC_ARC = YES;
				CLANG_WARN_BOOL_CONVERSION = YES;
				CLANG_WARN_CONSTANT_CONVERSION = YES;
				CLANG_WARN_DIRECT_OBJC_ISA_USAGE = YES_ERROR;
				CLANG_WARN_EMPTY_BODY = YES;
				CLANG_WARN_ENUM_CONVERSION = YES;
				CLANG_WARN_INT_CONVERSION = YES;
				CLANG_WARN_OBJC_ROOT_CLASS = YES_ERROR;
				CLANG_WARN_UNREACHABLE_CODE = YES;
				CLANG_WARN__DUPLICATE_METHOD_MATCH = YES;
				"CODE_SIGN_IDENTITY[sdk=iphoneos*]" = "iPhone Developer";
				COPY_PHASE_STRIP = YES;
				ENABLE_NS_ASSERTIONS = NO;
				ENABLE_STRICT_OBJC_MSGSEND = YES;
				GCC_C_LANGUAGE_STANDARD = gnu99;
				GCC_WARN_64_TO_32_BIT_CONVERSION = YES;
				GCC_WARN_ABOUT_RETURN_TYPE = YES_ERROR;
				GCC_WARN_UNDECLARED_SELECTOR = YES;
				GCC_WARN_UNINITIALIZED_AUTOS = YES_AGGRESSIVE;
				GCC_WARN_UNUSED_FUNCTION = YES;
				GCC_WARN_UNUSED_VARIABLE = YES;
				IPHONEOS_DEPLOYMENT_TARGET = 6.0;
				MTL_ENABLE_DEBUG_INFO = NO;
				SDKROOT = iphoneos;
				VALIDATE_PRODUCT = YES;
			};
			name = Release;
		};
		04C2B20F1A65163E004E8F73 /* Debug */ = {
			isa = XCBuildConfiguration;
			baseConfigurationReference = 59094FCF7084AF5E34F759EA /* Pods.debug.xcconfig */;
			buildSettings = {
				ASSETCATALOG_COMPILER_APPICON_NAME = AppIcon;
				CODE_SIGN_IDENTITY = "iPhone Developer";
				GCC_PRECOMPILE_PREFIX_HEADER = YES;
				GCC_PREFIX_HEADER = "$(SRCROOT)/HuWai/HuwaiHeader.pch";
				INFOPLIST_FILE = HuWai/Info.plist;
				IPHONEOS_DEPLOYMENT_TARGET = 6.0;
				LD_RUNPATH_SEARCH_PATHS = "$(inherited) @executable_path/Frameworks";
				PRODUCT_NAME = "$(TARGET_NAME)";
			};
			name = Debug;
		};
		04C2B2101A65163E004E8F73 /* Release */ = {
			isa = XCBuildConfiguration;
			baseConfigurationReference = CFC618B8A95FAC3AC591B8A6 /* Pods.release.xcconfig */;
			buildSettings = {
				ASSETCATALOG_COMPILER_APPICON_NAME = AppIcon;
				CODE_SIGN_IDENTITY = "iPhone Developer";
				GCC_PRECOMPILE_PREFIX_HEADER = YES;
				GCC_PREFIX_HEADER = "$(SRCROOT)/HuWai/HuwaiHeader.pch";
				INFOPLIST_FILE = HuWai/Info.plist;
				IPHONEOS_DEPLOYMENT_TARGET = 6.0;
				LD_RUNPATH_SEARCH_PATHS = "$(inherited) @executable_path/Frameworks";
				PRODUCT_NAME = "$(TARGET_NAME)";
			};
			name = Release;
		};
		04C2B2121A65163E004E8F73 /* Debug */ = {
			isa = XCBuildConfiguration;
			buildSettings = {
				BUNDLE_LOADER = "$(TEST_HOST)";
				FRAMEWORK_SEARCH_PATHS = (
					"$(SDKROOT)/Developer/Library/Frameworks",
					"$(inherited)",
				);
				GCC_PREPROCESSOR_DEFINITIONS = (
					"DEBUG=1",
					"$(inherited)",
				);
				INFOPLIST_FILE = HuWaiTests/Info.plist;
				LD_RUNPATH_SEARCH_PATHS = "$(inherited) @executable_path/Frameworks @loader_path/Frameworks";
				PRODUCT_NAME = "$(TARGET_NAME)";
				TEST_HOST = "$(BUILT_PRODUCTS_DIR)/HuWai.app/HuWai";
			};
			name = Debug;
		};
		04C2B2131A65163E004E8F73 /* Release */ = {
			isa = XCBuildConfiguration;
			buildSettings = {
				BUNDLE_LOADER = "$(TEST_HOST)";
				FRAMEWORK_SEARCH_PATHS = (
					"$(SDKROOT)/Developer/Library/Frameworks",
					"$(inherited)",
				);
				INFOPLIST_FILE = HuWaiTests/Info.plist;
				LD_RUNPATH_SEARCH_PATHS = "$(inherited) @executable_path/Frameworks @loader_path/Frameworks";
				PRODUCT_NAME = "$(TARGET_NAME)";
				TEST_HOST = "$(BUILT_PRODUCTS_DIR)/HuWai.app/HuWai";
			};
			name = Release;
		};
/* End XCBuildConfiguration section */

/* Begin XCConfigurationList section */
		04C2B1E61A65163E004E8F73 /* Build configuration list for PBXProject "HuWai" */ = {
			isa = XCConfigurationList;
			buildConfigurations = (
				04C2B20C1A65163E004E8F73 /* Debug */,
				04C2B20D1A65163E004E8F73 /* Release */,
			);
			defaultConfigurationIsVisible = 0;
			defaultConfigurationName = Release;
		};
		04C2B20E1A65163E004E8F73 /* Build configuration list for PBXNativeTarget "HuWai" */ = {
			isa = XCConfigurationList;
			buildConfigurations = (
				04C2B20F1A65163E004E8F73 /* Debug */,
				04C2B2101A65163E004E8F73 /* Release */,
			);
			defaultConfigurationIsVisible = 0;
			defaultConfigurationName = Release;
		};
		04C2B2111A65163E004E8F73 /* Build configuration list for PBXNativeTarget "HuWaiTests" */ = {
			isa = XCConfigurationList;
			buildConfigurations = (
				04C2B2121A65163E004E8F73 /* Debug */,
				04C2B2131A65163E004E8F73 /* Release */,
			);
			defaultConfigurationIsVisible = 0;
			defaultConfigurationName = Release;
		};
/* End XCConfigurationList section */
	};
	rootObject = 04C2B1E31A65163E004E8F73 /* Project object */;
}
